{
  "name": "Colour exporter",
  "lockfileVersion": 3,
  "requires": true,
  "packages": {
    "": {
      "devDependencies": {
        "@figma/plugin-typings": "^1.107.0-beta.2"
      }
    },
    "node_modules/@figma/plugin-typings": {
      "version": "1.107.0-beta.2",
      "resolved": "https://registry.npmjs.org/@figma/plugin-typings/-/plugin-typings-1.107.0-beta.2.tgz",
      "integrity": "sha512-EFTasm6l3p4QtmnUgCGb0Neeczizk62CqTSNcVh9vYybpctY65kO1w/Da0yuT/WfrdrxD9QZjO8i/ePcZIrqzw==",
      "dev": true,
      "license": "MIT License"
    }
  }
}
